
Microsoft Visual Studio Solution File, Format Version 12.00
# Visual Studio Version 17
VisualStudioVersion = 17.10.34916.146
MinimumVisualStudioVersion = 10.0.40219.1
Project("{FAE04EC0-301F-11D3-BF4B-00C04F79EFBC}") = "CQRSTest", "CQRSTest\CQRSTest.csproj", "{E122C7A2-6427-4ECF-96BA-40D557BCFFF1}"
EndProject
Project("{FAE04EC0-301F-11D3-BF4B-00C04F79EFBC}") = "CQRSTest.DataAccessLayer", "CQRSTest.DataAccessLayer\CQRSTest.DataAccessLayer.csproj", "{42489FD8-37F0-4C9A-8005-0C48FA8BE980}"
EndProject
Global
	GlobalSection(SolutionConfigurationPlatforms) = preSolution
		Debug|Any CPU = Debug|Any CPU
		Release|Any CPU = Release|Any CPU
	EndGlobalSection
	GlobalSection(ProjectConfigurationPlatforms) = postSolution
		{E122C7A2-6427-4ECF-96BA-40D557BCFFF1}.Debug|Any CPU.ActiveCfg = Debug|Any CPU
		{E122C7A2-6427-4ECF-96BA-40D557BCFFF1}.Debug|Any CPU.Build.0 = Debug|Any CPU
		{E122C7A2-6427-4ECF-96BA-40D557BCFFF1}.Release|Any CPU.ActiveCfg = Release|Any CPU
		{E122C7A2-6427-4ECF-96BA-40D557BCFFF1}.Release|Any CPU.Build.0 = Release|Any CPU
		{42489FD8-37F0-4C9A-8005-0C48FA8BE980}.Debug|Any CPU.ActiveCfg = Debug|Any CPU
		{42489FD8-37F0-4C9A-8005-0C48FA8BE980}.Debug|Any CPU.Build.0 = Debug|Any CPU
		{42489FD8-37F0-4C9A-8005-0C48FA8BE980}.Release|Any CPU.ActiveCfg = Release|Any CPU
		{42489FD8-37F0-4C9A-8005-0C48FA8BE980}.Release|Any CPU.Build.0 = Release|Any CPU
	EndGlobalSection
	GlobalSection(SolutionProperties) = preSolution
		HideSolutionNode = FALSE
	EndGlobalSection
	GlobalSection(ExtensibilityGlobals) = postSolution
		SolutionGuid = {67A4892F-F8C6-4A2F-8605-58335F7F5539}
	EndGlobalSection
EndGlobal
